PODS:
  - Bond (7.8.1):
    - Differ (~> 1.4)
    - ReactiveKit (~> 3.14)
  - Differ (1.4.5)
  - ReactiveKit (3.17.4)
  - Realm (10.7.2):
    - Realm/Headers (= 10.7.2)
  - Realm/Headers (10.7.2)
  - RealmSwift (10.7.2):
    - Realm (= 10.7.2)

DEPENDENCIES:
  - Bond
  - RealmSwift

SPEC REPOS:
  trunk:
    - Bond
    - Differ
    - ReactiveKit
    - Realm
    - RealmSwift

SPEC CHECKSUMS:
  Bond: 87075c7f20f37ea3e73dc7057fce839787bf46eb
  Differ: 3b6bd78e2b20cc795d9a86f7641d087524e4273e
  ReactiveKit: f9f9e079efa39312c597bf1508ef4810d111ce76
  Realm: e523da9ade306c5ae87e85dc09fdef148d3e1cc1
  RealmSwift: 4f6758c3adbdcc87f7b7777107226532a077f61c

PODFILE CHECKSUM: c48b71df3fbd2dfcd724bdca0c588a0409f61022

COCOAPODS: 1.10.1
